
Microsoft Visual Studio Solution File, Format Version 12.00
# Visual Studio 15
VisualStudioVersion = 15.0.28307.271
MinimumVisualStudioVersion = 10.0.40219.1
Project("{FAE04EC0-301F-11D3-BF4B-00C04F79EFBC}") = "BelajarRichTextBoxPrintControl222CC", "BelajarRichTextBoxPrintControl222CC\BelajarRichTextBoxPrintControl222CC.csproj", "{7A64DCD4-F2F8-44CB-BA80-78B23A3C84DA}"
EndProject
Global
	GlobalSection(SolutionConfigurationPlatforms) = preSolution
		Debug|Any CPU = Debug|Any CPU
		Release|Any CPU = Release|Any CPU
	EndGlobalSection
	GlobalSection(ProjectConfigurationPlatforms) = postSolution
		{7A64DCD4-F2F8-44CB-BA80-78B23A3C84DA}.Debug|Any CPU.ActiveCfg = Debug|Any CPU
		{7A64DCD4-F2F8-44CB-BA80-78B23A3C84DA}.Debug|Any CPU.Build.0 = Debug|Any CPU
		{7A64DCD4-F2F8-44CB-BA80-78B23A3C84DA}.Release|Any CPU.ActiveCfg = Release|Any CPU
		{7A64DCD4-F2F8-44CB-BA80-78B23A3C84DA}.Release|Any CPU.Build.0 = Release|Any CPU
	EndGlobalSection
	GlobalSection(SolutionProperties) = preSolution
		HideSolutionNode = FALSE
	EndGlobalSection
	GlobalSection(ExtensibilityGlobals) = postSolution
		SolutionGuid = {9CD6F22F-1FD3-4A06-84FA-B7AA7CB5DC89}
	EndGlobalSection
EndGlobal
